PODS:
  - PureLayout (3.1.4)
  - Swinject (2.5.0)

DEPENDENCIES:
  - PureLayout
  - Swinject

SPEC REPOS:
  https://github.com/CocoaPods/Specs.git:
    - PureLayout
    - Swinject

SPEC CHECKSUMS:
  PureLayout: f08c01b8dec00bb14a1fefa3de4c7d9c265df85e
  Swinject: 82cdb851f63f91bba974e3eca1d69780f2f7677e

PODFILE CHECKSUM: c1c28ce701808c0fefc29cfda915a676092c5fd9

COCOAPODS: 1.5.0
